
Microsoft Visual Studio Solution File, Format Version 12.00
# Visual Studio Version 17
VisualStudioVersion = 17.11.35303.130
MinimumVisualStudioVersion = 10.0.40219.1
Project("{FAE04EC0-301F-11D3-BF4B-00C04F79EFBC}") = "Modul_5", "Modul_5.csproj", "{2AACB950-A276-4621-8893-0ACED72A8E16}"
EndProject
Global
	GlobalSection(SolutionConfigurationPlatforms) = preSolution
		Debug|Any CPU = Debug|Any CPU
		Release|Any CPU = Release|Any CPU
	EndGlobalSection
	GlobalSection(ProjectConfigurationPlatforms) = postSolution
		{2AACB950-A276-4621-8893-0ACED72A8E16}.Debug|Any CPU.ActiveCfg = Debug|Any CPU
		{2AACB950-A276-4621-8893-0ACED72A8E16}.Debug|Any CPU.Build.0 = Debug|Any CPU
		{2AACB950-A276-4621-8893-0ACED72A8E16}.Release|Any CPU.ActiveCfg = Release|Any CPU
		{2AACB950-A276-4621-8893-0ACED72A8E16}.Release|Any CPU.Build.0 = Release|Any CPU
	EndGlobalSection
	GlobalSection(SolutionProperties) = preSolution
		HideSolutionNode = FALSE
	EndGlobalSection
	GlobalSection(ExtensibilityGlobals) = postSolution
		SolutionGuid = {D26597AD-AA49-4751-8ECA-395DF418AA49}
	EndGlobalSection
EndGlobal
